// !$*UTF8*$!
{
	archiveVersion = 1;
	classes = {
	};
	objectVersion = 55;
	objects = {

/* Begin PBXBuildFile section */
		9A33F90D281F0FEA00434B4C /* MonoApp.swift in Sources */ = {isa = PBXBuildFile; fileRef = 9A33F90C281F0FEA00434B4C /* MonoApp.swift */; };
		9A33F90F281F0FEA00434B4C /* ContentView.swift in Sources */ = {isa = PBXBuildFile; fileRef = 9A33F90E281F0FEA00434B4C /* ContentView.swift */; };
		9A33F911281F0FEB00434B4C /* Assets.xcassets in Resources */ = {isa = PBXBuildFile; fileRef = 9A33F910281F0FEB00434B4C /* Assets.xcassets */; };
		9A33F914281F0FEB00434B4C /* PreviewAssets.xcassets in Resources */ = {isa = PBXBuildFile; fileRef = 9A33F913281F0FEB00434B4C /* PreviewAssets.xcassets */; };
		9A33F91E281F0FEB00434B4C /* MonoTests.swift in Sources */ = {isa = PBXBuildFile; fileRef = 9A33F91D281F0FEB00434B4C /* MonoTests.swift */; };
		9A33F928281F0FEC00434B4C /* MonoUITests.swift in Sources */ = {isa = PBXBuildFile; fileRef = 9A33F927281F0FEC00434B4C /* MonoUITests.swift */; };
		9A33F92A281F0FEC00434B4C /* MonoUITestsLaunchTests.swift in Sources */ = {isa = PBXBuildFile; fileRef = 9A33F929281F0FEC00434B4C /* MonoUITestsLaunchTests.swift */; };
		9A33F93B281F114F00434B4C /* .gitignore in Resources */ = {isa = PBXBuildFile; fileRef = 9A33F939281F114F00434B4C /* .gitignore */; };
/* End PBXBuildFile section */

/* Begin PBXContainerItemProxy section */
		9A33F91A281F0FEB00434B4C /* PBXContainerItemProxy */ = {
			isa = PBXContainerItemProxy;
			containerPortal = 9A33F901281F0FEA00434B4C /* Project object */;
			proxyType = 1;
			remoteGlobalIDString = 9A33F908281F0FEA00434B4C;
			remoteInfo = mono;
		};
		9A33F924281F0FEC00434B4C /* PBXContainerItemProxy */ = {
			isa = PBXContainerItemProxy;
			containerPortal = 9A33F901281F0FEA00434B4C /* Project object */;
			proxyType = 1;
			remoteGlobalIDString = 9A33F908281F0FEA00434B4C;
			remoteInfo = mono;
		};
/* End PBXContainerItemProxy section */

/* Begin PBXFileReference section */
		9A33F909281F0FEA00434B4C /* mono.app */ = {isa = PBXFileReference; explicitFileType = wrapper.application; includeInIndex = 0; path = mono.app; sourceTree = BUILT_PRODUCTS_DIR; };
		9A33F90C281F0FEA00434B4C /* MonoApp.swift */ = {isa = PBXFileReference; lastKnownFileType = sourcecode.swift; path = MonoApp.swift; sourceTree = "<group>"; };
		9A33F90E281F0FEA00434B4C /* ContentView.swift */ = {isa = PBXFileReference; lastKnownFileType = sourcecode.swift; path = ContentView.swift; sourceTree = "<group>"; };
		9A33F910281F0FEB00434B4C /* Assets.xcassets */ = {isa = PBXFileReference; lastKnownFileType = folder.assetcatalog; path = Assets.xcassets; sourceTree = "<group>"; };
		9A33F913281F0FEB00434B4C /* PreviewAssets.xcassets */ = {isa = PBXFileReference; lastKnownFileType = folder.assetcatalog; path = PreviewAssets.xcassets; sourceTree = "<group>"; };
		9A33F919281F0FEB00434B4C /* monoTests.xctest */ = {isa = PBXFileReference; explicitFileType = wrapper.cfbundle; includeInIndex = 0; path = monoTests.xctest; sourceTree = BUILT_PRODUCTS_DIR; };
		9A33F91D281F0FEB00434B4C /* MonoTests.swift */ = {isa = PBXFileReference; lastKnownFileType = sourcecode.swift; path = MonoTests.swift; sourceTree = "<group>"; };
		9A33F923281F0FEC00434B4C /* monoUITests.xctest */ = {isa = PBXFileReference; explicitFileType = wrapper.cfbundle; includeInIndex = 0; path = monoUITests.xctest; sourceTree = BUILT_PRODUCTS_DIR; };
		9A33F927281F0FEC00434B4C /* MonoUITests.swift */ = {isa = PBXFileReference; lastKnownFileType = sourcecode.swift; path = MonoUITests.swift; sourceTree = "<group>"; };
		9A33F929281F0FEC00434B4C /* MonoUITestsLaunchTests.swift */ = {isa = PBXFileReference; lastKnownFileType = sourcecode.swift; path = MonoUITestsLaunchTests.swift; sourceTree = "<group>"; };
		9A33F939281F114F00434B4C /* .gitignore */ = {isa = PBXFileReference; fileEncoding = 4; lastKnownFileType = text; path = .gitignore; sourceTree = SOURCE_ROOT; };
/* End PBXFileReference section */

/* Begin PBXFrameworksBuildPhase section */
		9A33F906281F0FEA00434B4C /* Frameworks */ = {
			isa = PBXFrameworksBuildPhase;
			buildActionMask = 2147483647;
			files = (
			);
			runOnlyForDeploymentPostprocessing = 0;
		};
		9A33F916281F0FEB00434B4C /* Frameworks */ = {
			isa = PBXFrameworksBuildPhase;
			buildActionMask = 2147483647;
			files = (
			);
			runOnlyForDeploymentPostprocessing = 0;
		};
		9A33F920281F0FEC00434B4C /* Frameworks */ = {
			isa = PBXFrameworksBuildPhase;
			buildActionMask = 2147483647;
			files = (
			);
			runOnlyForDeploymentPostprocessing = 0;
		};
/* End PBXFrameworksBuildPhase section */

/* Begin PBXGroup section */
		9A33F900281F0FEA00434B4C = {
			isa = PBXGroup;
			children = (
				9A33F939281F114F00434B4C /* .gitignore */,
				9A33F936281F10C300434B4C /* resources */,
				9A33F90B281F0FEA00434B4C /* mono */,
				9A33F91C281F0FEB00434B4C /* monoTests */,
				9A33F926281F0FEC00434B4C /* monoUITests */,
				9A33F90A281F0FEA00434B4C /* Products */,
			);
			sourceTree = "<group>";
		};
		9A33F90A281F0FEA00434B4C /* Products */ = {
			isa = PBXGroup;
			children = (
				9A33F909281F0FEA00434B4C /* mono.app */,
				9A33F919281F0FEB00434B4C /* monoTests.xctest */,
				9A33F923281F0FEC00434B4C /* monoUITests.xctest */,
			);
			name = Products;
			sourceTree = "<group>";
		};
		9A33F90B281F0FEA00434B4C /* mono */ = {
			isa = PBXGroup;
			children = (
				9A33F90C281F0FEA00434B4C /* MonoApp.swift */,
				9A33F90E281F0FEA00434B4C /* ContentView.swift */,
			);
			path = mono;
			sourceTree = "<group>";
		};
		9A33F912281F0FEB00434B4C /* previewContent */ = {
			isa = PBXGroup;
			children = (
				9A33F913281F0FEB00434B4C /* PreviewAssets.xcassets */,
			);
			path = previewContent;
			sourceTree = "<group>";
		};
		9A33F91C281F0FEB00434B4C /* monoTests */ = {
			isa = PBXGroup;
			children = (
				9A33F91D281F0FEB00434B4C /* MonoTests.swift */,
			);
			path = monoTests;
			sourceTree = "<group>";
		};
		9A33F926281F0FEC00434B4C /* monoUITests */ = {
			isa = PBXGroup;
			children = (
				9A33F927281F0FEC00434B4C /* MonoUITests.swift */,
				9A33F929281F0FEC00434B4C /* MonoUITestsLaunchTests.swift */,
			);
			path = monoUITests;
			sourceTree = "<group>";
		};
		9A33F936281F10C300434B4C /* resources */ = {
			isa = PBXGroup;
			children = (
				9A33F937281F10CD00434B4C /* assets */,
				9A33F912281F0FEB00434B4C /* previewContent */,
			);
			path = resources;
			sourceTree = "<group>";
		};
		9A33F937281F10CD00434B4C /* assets */ = {
			isa = PBXGroup;
			children = (
				9A33F910281F0FEB00434B4C /* Assets.xcassets */,
			);
			path = assets;
			sourceTree = "<group>";
		};
/* End PBXGroup section */

/* Begin PBXNativeTarget section */
		9A33F908281F0FEA00434B4C /* mono */ = {
			isa = PBXNativeTarget;
			buildConfigurationList = 9A33F92D281F0FEC00434B4C /* Build configuration list for PBXNativeTarget "mono" */;
			buildPhases = (
				9A33F905281F0FEA00434B4C /* Sources */,
				9A33F906281F0FEA00434B4C /* Frameworks */,
				9A33F907281F0FEA00434B4C /* Resources */,
			);
			buildRules = (
			);
			dependencies = (
			);
			name = mono;
			productName = mono;
			productReference = 9A33F909281F0FEA00434B4C /* mono.app */;
			productType = "com.apple.product-type.application";
		};
		9A33F918281F0FEB00434B4C /* monoTests */ = {
			isa = PBXNativeTarget;
			buildConfigurationList = 9A33F930281F0FEC00434B4C /* Build configuration list for PBXNativeTarget "monoTests" */;
			buildPhases = (
				9A33F915281F0FEB00434B4C /* Sources */,
				9A33F916281F0FEB00434B4C /* Frameworks */,
				9A33F917281F0FEB00434B4C /* Resources */,
			);
			buildRules = (
			);
			dependencies = (
				9A33F91B281F0FEB00434B4C /* PBXTargetDependency */,
			);
			name = monoTests;
			productName = monoTests;
			productReference = 9A33F919281F0FEB00434B4C /* monoTests.xctest */;
			productType = "com.apple.product-type.bundle.unit-test";
		};
		9A33F922281F0FEC00434B4C /* monoUITests */ = {
			isa = PBXNativeTarget;
			buildConfigurationList = 9A33F933281F0FEC00434B4C /* Build configuration list for PBXNativeTarget "monoUITests" */;
			buildPhases = (
				9A33F91F281F0FEC00434B4C /* Sources */,
				9A33F920281F0FEC00434B4C /* Frameworks */,
				9A33F921281F0FEC00434B4C /* Resources */,
			);
			buildRules = (
			);
			dependencies = (
				9A33F925281F0FEC00434B4C /* PBXTargetDependency */,
			);
			name = monoUITests;
			productName = monoUITests;
			productReference = 9A33F923281F0FEC00434B4C /* monoUITests.xctest */;
			productType = "com.apple.product-type.bundle.ui-testing";
		};
/* End PBXNativeTarget section */

/* Begin PBXProject section */
		9A33F901281F0FEA00434B4C /* Project object */ = {
			isa = PBXProject;
			attributes = {
				BuildIndependentTargetsInParallel = 1;
				LastSwiftUpdateCheck = 1330;
				LastUpgradeCheck = 1330;
				TargetAttributes = {
					9A33F908281F0FEA00434B4C = {
						CreatedOnToolsVersion = 13.3.1;
					};
					9A33F918281F0FEB00434B4C = {
						CreatedOnToolsVersion = 13.3.1;
						TestTargetID = 9A33F908281F0FEA00434B4C;
					};
					9A33F922281F0FEC00434B4C = {
						CreatedOnToolsVersion = 13.3.1;
						TestTargetID = 9A33F908281F0FEA00434B4C;
					};
				};
			};
			buildConfigurationList = 9A33F904281F0FEA00434B4C /* Build configuration list for PBXProject "mono" */;
			compatibilityVersion = "Xcode 13.0";
			developmentRegion = en;
			hasScannedForEncodings = 0;
			knownRegions = (
				en,
				Base,
			);
			mainGroup = 9A33F900281F0FEA00434B4C;
			productRefGroup = 9A33F90A281F0FEA00434B4C /* Products */;
			projectDirPath = "";
			projectRoot = "";
			targets = (
				9A33F908281F0FEA00434B4C /* mono */,
				9A33F918281F0FEB00434B4C /* monoTests */,
				9A33F922281F0FEC00434B4C /* monoUITests */,
			);
		};
/* End PBXProject section */

/* Begin PBXResourcesBuildPhase section */
		9A33F907281F0FEA00434B4C /* Resources */ = {
			isa = PBXResourcesBuildPhase;
			buildActionMask = 2147483647;
			files = (
				9A33F93B281F114F00434B4C /* .gitignore in Resources */,
				9A33F914281F0FEB00434B4C /* PreviewAssets.xcassets in Resources */,
				9A33F911281F0FEB00434B4C /* Assets.xcassets in Resources */,
			);
			runOnlyForDeploymentPostprocessing = 0;
		};
		9A33F917281F0FEB00434B4C /* Resources */ = {
			isa = PBXResourcesBuildPhase;
			buildActionMask = 2147483647;
			files = (
			);
			runOnlyForDeploymentPostprocessing = 0;
		};
		9A33F921281F0FEC00434B4C /* Resources */ = {
			isa = PBXResourcesBuildPhase;
			buildActionMask = 2147483647;
			files = (
			);
			runOnlyForDeploymentPostprocessing = 0;
		};
/* End PBXResourcesBuildPhase section */

/* Begin PBXSourcesBuildPhase section */
		9A33F905281F0FEA00434B4C /* Sources */ = {
			isa = PBXSourcesBuildPhase;
			buildActionMask = 2147483647;
			files = (
				9A33F90F281F0FEA00434B4C /* ContentView.swift in Sources */,
				9A33F90D281F0FEA00434B4C /* MonoApp.swift in Sources */,
			);
			runOnlyForDeploymentPostprocessing = 0;
		};
		9A33F915281F0FEB00434B4C /* Sources */ = {
			isa = PBXSourcesBuildPhase;
			buildActionMask = 2147483647;
			files = (
				9A33F91E281F0FEB00434B4C /* MonoTests.swift in Sources */,
			);
			runOnlyForDeploymentPostprocessing = 0;
		};
		9A33F91F281F0FEC00434B4C /* Sources */ = {
			isa = PBXSourcesBuildPhase;
			buildActionMask = 2147483647;
			files = (
				9A33F928281F0FEC00434B4C /* MonoUITests.swift in Sources */,
				9A33F92A281F0FEC00434B4C /* MonoUITestsLaunchTests.swift in Sources */,
			);
			runOnlyForDeploymentPostprocessing = 0;
		};
/* End PBXSourcesBuildPhase section */

/* Begin PBXTargetDependency section */
		9A33F91B281F0FEB00434B4C /* PBXTargetDependency */ = {
			isa = PBXTargetDependency;
			target = 9A33F908281F0FEA00434B4C /* mono */;
			targetProxy = 9A33F91A281F0FEB00434B4C /* PBXContainerItemProxy */;
		};
		9A33F925281F0FEC00434B4C /* PBXTargetDependency */ = {
			isa = PBXTargetDependency;
			target = 9A33F908281F0FEA00434B4C /* mono */;
			targetProxy = 9A33F924281F0FEC00434B4C /* PBXContainerItemProxy */;
		};
/* End PBXTargetDependency section */

/* Begin XCBuildConfiguration section */
		9A33F92B281F0FEC00434B4C /* Debug */ = {
			isa = XCBuildConfiguration;
			buildSettings = {
				ALWAYS_SEARCH_USER_PATHS = NO;
				CLANG_ANALYZER_NONNULL = YES;
				CLANG_ANALYZER_NUMBER_OBJECT_CONVERSION = YES_AGGRESSIVE;
				CLANG_CXX_LANGUAGE_STANDARD = "gnu++17";
				CLANG_ENABLE_MODULES = YES;
				CLANG_ENABLE_OBJC_ARC = YES;
				CLANG_ENABLE_OBJC_WEAK = YES;
				CLANG_WARN_BLOCK_CAPTURE_AUTORELEASING = YES;
				CLANG_WARN_BOOL_CONVERSION = YES;
				CLANG_WARN_COMMA = YES;
				CLANG_WARN_CONSTANT_CONVERSION = YES;
				CLANG_WARN_DEPRECATED_OBJC_IMPLEMENTATIONS = YES;
				CLANG_WARN_DIRECT_OBJC_ISA_USAGE = YES_ERROR;
				CLANG_WARN_DOCUMENTATION_COMMENTS = YES;
				CLANG_WARN_EMPTY_BODY = YES;
				CLANG_WARN_ENUM_CONVERSION = YES;
				CLANG_WARN_INFINITE_RECURSION = YES;
				CLANG_WARN_INT_CONVERSION = YES;
				CLANG_WARN_NON_LITERAL_NULL_CONVERSION = YES;
				CLANG_WARN_OBJC_IMPLICIT_RETAIN_SELF = YES;
				CLANG_WARN_OBJC_LITERAL_CONVERSION = YES;
				CLANG_WARN_OBJC_ROOT_CLASS = YES_ERROR;
				CLANG_WARN_QUOTED_INCLUDE_IN_FRAMEWORK_HEADER = YES;
				CLANG_WARN_RANGE_LOOP_ANALYSIS = YES;
				CLANG_WARN_STRICT_PROTOTYPES = YES;
				CLANG_WARN_SUSPICIOUS_MOVE = YES;
				CLANG_WARN_UNGUARDED_AVAILABILITY = YES_AGGRESSIVE;
				CLANG_WARN_UNREACHABLE_CODE = YES;
				CLANG_WARN__DUPLICATE_METHOD_MATCH = YES;
				COPY_PHASE_STRIP = NO;
				DEBUG_INFORMATION_FORMAT = dwarf;
				ENABLE_STRICT_OBJC_MSGSEND = YES;
				ENABLE_TESTABILITY = YES;
				GCC_C_LANGUAGE_STANDARD = gnu11;
				GCC_DYNAMIC_NO_PIC = NO;
				GCC_NO_COMMON_BLOCKS = YES;
				GCC_OPTIMIZATION_LEVEL = 0;
				GCC_PREPROCESSOR_DEFINITIONS = (
					"DEBUG=1",
					"$(inherited)",
				);
				GCC_WARN_64_TO_32_BIT_CONVERSION = YES;
				GCC_WARN_ABOUT_RETURN_TYPE = YES_ERROR;
				GCC_WARN_UNDECLARED_SELECTOR = YES;
				GCC_WARN_UNINITIALIZED_AUTOS = YES_AGGRESSIVE;
				GCC_WARN_UNUSED_FUNCTION = YES;
				GCC_WARN_UNUSED_VARIABLE = YES;
				IPHONEOS_DEPLOYMENT_TARGET = 15.4;
				MTL_ENABLE_DEBUG_INFO = INCLUDE_SOURCE;
				MTL_FAST_MATH = YES;
				ONLY_ACTIVE_ARCH = YES;
				SDKROOT = iphoneos;
				SWIFT_ACTIVE_COMPILATION_CONDITIONS = DEBUG;
				SWIFT_OPTIMIZATION_LEVEL = "-Onone";
			};
			name = Debug;
		};
		9A33F92C281F0FEC00434B4C /* Release */ = {
			isa = XCBuildConfiguration;
			buildSettings = {
				ALWAYS_SEARCH_USER_PATHS = NO;
				CLANG_ANALYZER_NONNULL = YES;
				CLANG_ANALYZER_NUMBER_OBJECT_CONVERSION = YES_AGGRESSIVE;
				CLANG_CXX_LANGUAGE_STANDARD = "gnu++17";
				CLANG_ENABLE_MODULES = YES;
				CLANG_ENABLE_OBJC_ARC = YES;
				CLANG_ENABLE_OBJC_WEAK = YES;
				CLANG_WARN_BLOCK_CAPTURE_AUTORELEASING = YES;
				CLANG_WARN_BOOL_CONVERSION = YES;
				CLANG_WARN_COMMA = YES;
				CLANG_WARN_CONSTANT_CONVERSION = YES;
				CLANG_WARN_DEPRECATED_OBJC_IMPLEMENTATIONS = YES;
				CLANG_WARN_DIRECT_OBJC_ISA_USAGE = YES_ERROR;
				CLANG_WARN_DOCUMENTATION_COMMENTS = YES;
				CLANG_WARN_EMPTY_BODY = YES;
				CLANG_WARN_ENUM_CONVERSION = YES;
				CLANG_WARN_INFINITE_RECURSION = YES;
				CLANG_WARN_INT_CONVERSION = YES;
				CLANG_WARN_NON_LITERAL_NULL_CONVERSION = YES;
				CLANG_WARN_OBJC_IMPLICIT_RETAIN_SELF = YES;
				CLANG_WARN_OBJC_LITERAL_CONVERSION = YES;
				CLANG_WARN_OBJC_ROOT_CLASS = YES_ERROR;
				CLANG_WARN_QUOTED_INCLUDE_IN_FRAMEWORK_HEADER = YES;
				CLANG_WARN_RANGE_LOOP_ANALYSIS = YES;
				CLANG_WARN_STRICT_PROTOTYPES = YES;
				CLANG_WARN_SUSPICIOUS_MOVE = YES;
				CLANG_WARN_UNGUARDED_AVAILABILITY = YES_AGGRESSIVE;
				CLANG_WARN_UNREACHABLE_CODE = YES;
				CLANG_WARN__DUPLICATE_METHOD_MATCH = YES;
				COPY_PHASE_STRIP = NO;
				DEBUG_INFORMATION_FORMAT = "dwarf-with-dsym";
				ENABLE_NS_ASSERTIONS = NO;
				ENABLE_STRICT_OBJC_MSGSEND = YES;
				GCC_C_LANGUAGE_STANDARD = gnu11;
				GCC_NO_COMMON_BLOCKS = YES;
				GCC_WARN_64_TO_32_BIT_CONVERSION = YES;
				GCC_WARN_ABOUT_RETURN_TYPE = YES_ERROR;
				GCC_WARN_UNDECLARED_SELECTOR = YES;
				GCC_WARN_UNINITIALIZED_AUTOS = YES_AGGRESSIVE;
				GCC_WARN_UNUSED_FUNCTION = YES;
				GCC_WARN_UNUSED_VARIABLE = YES;
				IPHONEOS_DEPLOYMENT_TARGET = 15.4;
				MTL_ENABLE_DEBUG_INFO = NO;
				MTL_FAST_MATH = YES;
				SDKROOT = iphoneos;
				SWIFT_COMPILATION_MODE = wholemodule;
				SWIFT_OPTIMIZATION_LEVEL = "-O";
				VALIDATE_PRODUCT = YES;
			};
			name = Release;
		};
		9A33F92E281F0FEC00434B4C /* Debug */ = {
			isa = XCBuildConfiguration;
			buildSettings = {
				ASSETCATALOG_COMPILER_APPICON_NAME = AppIcon;
				ASSETCATALOG_COMPILER_GLOBAL_ACCENT_COLOR_NAME = AccentColor;
				CODE_SIGN_STYLE = Automatic;
				CURRENT_PROJECT_VERSION = 1;
				DEVELOPMENT_ASSET_PATHS = "\"resources/previewContent\"";
				ENABLE_PREVIEWS = YES;
				GENERATE_INFOPLIST_FILE = YES;
				INFOPLIST_KEY_UIApplicationSceneManifest_Generation = YES;
				INFOPLIST_KEY_UIApplicationSupportsIndirectInputEvents = YES;
				INFOPLIST_KEY_UILaunchScreen_Generation = YES;
				INFOPLIST_KEY_UISupportedInterfaceOrientations = UIInterfaceOrientationPortrait;
				INFOPLIST_KEY_UISupportedInterfaceOrientations_iPhone = UIInterfaceOrientationPortrait;
				LD_RUNPATH_SEARCH_PATHS = (
					"$(inherited)",
					"@executable_path/Frameworks",
				);
				MARKETING_VERSION = 1.0;
				PRODUCT_BUNDLE_IDENTIFIER = xyz.fjarm.mono;
				PRODUCT_NAME = "$(TARGET_NAME)";
				SWIFT_EMIT_LOC_STRINGS = YES;
				SWIFT_VERSION = 5.0;
				TARGETED_DEVICE_FAMILY = 1;
			};
			name = Debug;
		};
		9A33F92F281F0FEC00434B4C /* Release */ = {
			isa = XCBuildConfiguration;
			buildSettings = {
				ASSETCATALOG_COMPILER_APPICON_NAME = AppIcon;
				ASSETCATALOG_COMPILER_GLOBAL_ACCENT_COLOR_NAME = AccentColor;
				CODE_SIGN_STYLE = Automatic;
				CURRENT_PROJECT_VERSION = 1;
				DEVELOPMENT_ASSET_PATHS = "\"resources/previewContent\"";
				ENABLE_PREVIEWS = YES;
				GENERATE_INFOPLIST_FILE = YES;
				INFOPLIST_KEY_UIApplicationSceneManifest_Generation = YES;
				INFOPLIST_KEY_UIApplicationSupportsIndirectInputEvents = YES;
				INFOPLIST_KEY_UILaunchScreen_Generation = YES;
				INFOPLIST_KEY_UISupportedInterfaceOrientations = UIInterfaceOrientationPortrait;
				INFOPLIST_KEY_UISupportedInterfaceOrientations_iPhone = UIInterfaceOrientationPortrait;
				LD_RUNPATH_SEARCH_PATHS = (
					"$(inherited)",
					"@executable_path/Frameworks",
				);
				MARKETING_VERSION = 1.0;
				PRODUCT_BUNDLE_IDENTIFIER = xyz.fjarm.mono;
				PRODUCT_NAME = "$(TARGET_NAME)";
				SWIFT_EMIT_LOC_STRINGS = YES;
				SWIFT_VERSION = 5.0;
				TARGETED_DEVICE_FAMILY = 1;
			};
			name = Release;
		};
		9A33F931281F0FEC00434B4C /* Debug */ = {
			isa = XCBuildConfiguration;
			buildSettings = {
				ALWAYS_EMBED_SWIFT_STANDARD_LIBRARIES = YES;
				BUNDLE_LOADER = "$(TEST_HOST)";
				CODE_SIGN_STYLE = Automatic;
				CURRENT_PROJECT_VERSION = 1;
				GENERATE_INFOPLIST_FILE = YES;
				IPHONEOS_DEPLOYMENT_TARGET = 15.4;
				MARKETING_VERSION = 1.0;
				PRODUCT_BUNDLE_IDENTIFIER = xyz.fjarm.monoTests;
				PRODUCT_NAME = "$(TARGET_NAME)";
				SWIFT_EMIT_LOC_STRINGS = NO;
				SWIFT_VERSION = 5.0;
				TARGETED_DEVICE_FAMILY = "1,2";
				TEST_HOST = "$(BUILT_PRODUCTS_DIR)/mono.app/mono";
			};
			name = Debug;
		};
		9A33F932281F0FEC00434B4C /* Release */ = {
			isa = XCBuildConfiguration;
			buildSettings = {
				ALWAYS_EMBED_SWIFT_STANDARD_LIBRARIES = YES;
				BUNDLE_LOADER = "$(TEST_HOST)";
				CODE_SIGN_STYLE = Automatic;
				CURRENT_PROJECT_VERSION = 1;
				GENERATE_INFOPLIST_FILE = YES;
				IPHONEOS_DEPLOYMENT_TARGET = 15.4;
				MARKETING_VERSION = 1.0;
				PRODUCT_BUNDLE_IDENTIFIER = xyz.fjarm.monoTests;
				PRODUCT_NAME = "$(TARGET_NAME)";
				SWIFT_EMIT_LOC_STRINGS = NO;
				SWIFT_VERSION = 5.0;
				TARGETED_DEVICE_FAMILY = "1,2";
				TEST_HOST = "$(BUILT_PRODUCTS_DIR)/mono.app/mono";
			};
			name = Release;
		};
		9A33F934281F0FEC00434B4C /* Debug */ = {
			isa = XCBuildConfiguration;
			buildSettings = {
				ALWAYS_EMBED_SWIFT_STANDARD_LIBRARIES = YES;
				CODE_SIGN_STYLE = Automatic;
				CURRENT_PROJECT_VERSION = 1;
				GENERATE_INFOPLIST_FILE = YES;
				MARKETING_VERSION = 1.0;
				PRODUCT_BUNDLE_IDENTIFIER = xyz.fjarm.monoUITests;
				PRODUCT_NAME = "$(TARGET_NAME)";
				SWIFT_EMIT_LOC_STRINGS = NO;
				SWIFT_VERSION = 5.0;
				TARGETED_DEVICE_FAMILY = "1,2";
				TEST_TARGET_NAME = mono;
			};
			name = Debug;
		};
		9A33F935281F0FEC00434B4C /* Release */ = {
			isa = XCBuildConfiguration;
			buildSettings = {
				ALWAYS_EMBED_SWIFT_STANDARD_LIBRARIES = YES;
				CODE_SIGN_STYLE = Automatic;
				CURRENT_PROJECT_VERSION = 1;
				GENERATE_INFOPLIST_FILE = YES;
				MARKETING_VERSION = 1.0;
				PRODUCT_BUNDLE_IDENTIFIER = xyz.fjarm.monoUITests;
				PRODUCT_NAME = "$(TARGET_NAME)";
				SWIFT_EMIT_LOC_STRINGS = NO;
				SWIFT_VERSION = 5.0;
				TARGETED_DEVICE_FAMILY = "1,2";
				TEST_TARGET_NAME = mono;
			};
			name = Release;
		};
/* End XCBuildConfiguration section */

/* Begin XCConfigurationList section */
		9A33F904281F0FEA00434B4C /* Build configuration list for PBXProject "mono" */ = {
			isa = XCConfigurationList;
			buildConfigurations = (
				9A33F92B281F0FEC00434B4C /* Debug */,
				9A33F92C281F0FEC00434B4C /* Release */,
			);
			defaultConfigurationIsVisible = 0;
			defaultConfigurationName = Release;
		};
		9A33F92D281F0FEC00434B4C /* Build configuration list for PBXNativeTarget "mono" */ = {
			isa = XCConfigurationList;
			buildConfigurations = (
				9A33F92E281F0FEC00434B4C /* Debug */,
				9A33F92F281F0FEC00434B4C /* Release */,
			);
			defaultConfigurationIsVisible = 0;
			defaultConfigurationName = Release;
		};
		9A33F930281F0FEC00434B4C /* Build configuration list for PBXNativeTarget "monoTests" */ = {
			isa = XCConfigurationList;
			buildConfigurations = (
				9A33F931281F0FEC00434B4C /* Debug */,
				9A33F932281F0FEC00434B4C /* Release */,
			);
			defaultConfigurationIsVisible = 0;
			defaultConfigurationName = Release;
		};
		9A33F933281F0FEC00434B4C /* Build configuration list for PBXNativeTarget "monoUITests" */ = {
			isa = XCConfigurationList;
			buildConfigurations = (
				9A33F934281F0FEC00434B4C /* Debug */,
				9A33F935281F0FEC00434B4C /* Release */,
			);
			defaultConfigurationIsVisible = 0;
			defaultConfigurationName = Release;
		};
/* End XCConfigurationList section */
	};
	rootObject = 9A33F901281F0FEA00434B4C /* Project object */;
}
